{
    "_meta": {
        "hash": {
            "sha256": "6a6104e9dfcd80ce41dd88caf2b08fda05e46bd2131b2905ed6bb7986559adaf"
        },
        "pipfile-spec": 6,
        "requires": {
            "python_version": "3.7"
        },
        "sources": [
            {
                "name": "pypi",
                "url": "https://pypi.org/simple",
                "verify_ssl": true
            }
        ]
    },
    "default": {
        "certifi": {
            "hashes": [
                "sha256:2bbf76fd432960138b3ef6dda3dde0544f27cbf8546c458e60baf371917ba9ee",
                "sha256:50b1e4f8446b06f41be7dd6338db18e0990601dce795c2b1686458aa7e8fa7d8"
            ],
            "version": "==2021.5.30"
        },
        "chardet": {
            "hashes": [
                "sha256:0d6f53a15db4120f2b08c94f11e7d93d2c911ee118b6b30a04ec3ee8310179fa",
                "sha256:f864054d66fd9118f2e67044ac8981a54775ec5b67aed0441892edb553d21da5"
            ],
            "version": "==4.0.0"
        },
        "dpkt": {
            "hashes": [
                "sha256:aeb238020f689a1f7d328368d4fbaaaea48256249720e93e49343a053733735f",
                "sha256:c6a7ee878fa3d56e2c1fb44846f937046ba03b035da27382596e76f8d9f32967"
            ],
            "index": "pypi",
            "version": "==1.9.1"
        },
        "geoip2": {
            "hashes": [
                "sha256:a37ddac2d200ffb97c736da8b8ba9d5d8dc47da6ec0f162a461b681ecac53a14",
                "sha256:f7ffe9d258e71a42cf622ce6350d976de1d0312b9f2fbce3975c7d838b57ecf0"
            ],
            "index": "pypi",
            "version": "==2.9.0"
        },
        "idna": {
            "hashes": [
                "sha256:b307872f855b18632ce0c21c5e45be78c0ea7ae4c15c828c20788b26921eb3f6",
                "sha256:b97d804b1e9b523befed77c48dacec60e6dcb0b5391d57af6a65a312a90648c0"
            ],
            "version": "==2.10"
        },
        "keyboard": {
            "hashes": [
                "sha256:58912e4be21529fc5b57f89af7f90b0b5f5af4db08c74a8233821700eaabf189",
                "sha256:d4375e4be666a91b71e782fdffa017cbf1a6de98f8c9fe8b66e9386944380c45"
            ],
            "index": "pypi",
            "version": "==0.13.2"
        },
        "maxminddb": {
            "hashes": [
                "sha256:47e86a084dd814fac88c99ea34ba3278a74bc9de5a25f4b815b608798747c7dc"
            ],
            "version": "==2.0.3"
        },
        "python-osc": {
            "hashes": [
                "sha256:0ea04cff980a8eae710e87dff71649a2abbf74aead2ca65f57731b21b4425705"
            ],
            "index": "pypi",
            "version": "==1.7.0"
        },
        "requests": {
            "hashes": [
                "sha256:27973dd4a904a4f13b263a19c866c13b92a39ed1c964655f025f3f8d3d75b804",
                "sha256:c210084e36a42ae6b9219e00e48287def368a26d03a048ddad7bfee44f75871e"
            ],
            "version": "==2.25.1"
        },
        "scapy": {
            "hashes": [
                "sha256:452f714f5c2eac6fd0a6146b1dbddfc24dd5f4103f3ed76227995a488cfb2b73"
            ],
            "index": "pypi",
            "version": "==2.4.0"
        },
        "urllib3": {
            "hashes": [
                "sha256:753a0374df26658f99d826cfe40394a686d05985786d946fbe4165b5148f5a7c",
                "sha256:a7acd0977125325f516bda9735fa7142b909a8d01e8b2e4c8108d0984e6e0098"
            ],
            "index": "pypi",
            "version": "==1.26.5"
        }
    },
    "develop": {}
}
